{
  "nodes": {
    "nixpkgs": {
      "locked": {
        "lastModified": 1727122398,
        "narHash": "sha256-o8VBeCWHBxGd4kVMceIayf5GApqTavJbTa44Xcg5Rrk=",
        "owner": "nixos",
        "repo": "nixpkgs",
        "rev": "30439d93eb8b19861ccbe3e581abf97bdc91b093",
        "type": "github"
      },
      "original": {
        "owner": "nixos",
        "ref": "nixos-unstable",
        "repo": "nixpkgs",
        "type": "github"
      }
    },
    "nixpkgs-lib": {
      "locked": {
        "lastModified": 1726966855,
        "narHash": "sha256-25ByioeOBFcnitO5lM/Mufnv/u7YtHEHEM8QFuiS40k=",
        "owner": "nix-community",
        "repo": "nixpkgs.lib",
        "rev": "575704ff85d3a41dc5bfef7b55380cbc7b87f3c2",
        "type": "github"
      },
      "original": {
        "owner": "nix-community",
        "repo": "nixpkgs.lib",
        "type": "github"
      }
    },
    "root": {
      "inputs": {
        "nixpkgs": "nixpkgs",
        "nixpkgs-lib": "nixpkgs-lib",
        "schemes": "schemes"
      }
    },
    "schemes": {
      "flake": false,
      "locked": {
        "lastModified": 1727294262,
        "narHash": "sha256-UCRGabAyj8+RFkKdSZBR8BPE6yLM3rPpdxXHmwd9rZ0=",
        "owner": "tinted-theming",
        "repo": "schemes",
        "rev": "b3273211d5d1510aee669083fc5a1e0e4b5e310c",
        "type": "github"
      },
      "original": {
        "owner": "tinted-theming",
        "repo": "schemes",
        "type": "github"
      }
    }
  },
  "root": "root",
  "version": 7
}
