{
  "nodes": {
    "nixpkgs-lib": {
      "locked": {
        "lastModified": 1716079763,
        "narHash": "sha256-DGRfb7fO7c3XDS3twmuaV5NAGPPdU3W7Q35fjIZc8iY=",
        "owner": "nix-community",
        "repo": "nixpkgs.lib",
        "rev": "0df131b5ee4d928a4b664b6d0cd99cf134d6ab6b",
        "type": "github"
      },
      "original": {
        "owner": "nix-community",
        "repo": "nixpkgs.lib",
        "type": "github"
      }
    },
    "root": {
      "inputs": {
        "nixpkgs-lib": "nixpkgs-lib",
        "schemes": "schemes"
      }
    },
    "schemes": {
      "flake": false,
      "locked": {
        "lastModified": 1713388094,
        "narHash": "sha256-wcotm0Ek2ISn8iJBzEujJQdcPLKWrPAOZ/dS/DLKafw=",
        "owner": "tinted-theming",
        "repo": "schemes",
        "rev": "abcf2a055ae69f1bf047463332f83db3125aa8a5",
        "type": "github"
      },
      "original": {
        "owner": "tinted-theming",
        "repo": "schemes",
        "type": "github"
      }
    }
  },
  "root": "root",
  "version": 7
}
